
Microsoft Visual Studio Solution File, Format Version 12.00
# Visual Studio 15
VisualStudioVersion = 15.0.27130.2036
MinimumVisualStudioVersion = 10.0.40219.1
Project("{FAE04EC0-301F-11D3-BF4B-00C04F79EFBC}") = "PUBG-Watchdog", "PUBG-Watchdog\PUBG-Watchdog.csproj", "{CEEB7E8B-DACC-4609-88D6-1BEB588DBA12}"
EndProject
Global
	GlobalSection(SolutionConfigurationPlatforms) = preSolution
		Debug|Any CPU = Debug|Any CPU
		Release|Any CPU = Release|Any CPU
	EndGlobalSection
	GlobalSection(ProjectConfigurationPlatforms) = postSolution
		{CEEB7E8B-DACC-4609-88D6-1BEB588DBA12}.Debug|Any CPU.ActiveCfg = Debug|Any CPU
		{CEEB7E8B-DACC-4609-88D6-1BEB588DBA12}.Debug|Any CPU.Build.0 = Debug|Any CPU
		{CEEB7E8B-DACC-4609-88D6-1BEB588DBA12}.Release|Any CPU.ActiveCfg = Release|Any CPU
		{CEEB7E8B-DACC-4609-88D6-1BEB588DBA12}.Release|Any CPU.Build.0 = Release|Any CPU
	EndGlobalSection
	GlobalSection(SolutionProperties) = preSolution
		HideSolutionNode = FALSE
	EndGlobalSection
	GlobalSection(ExtensibilityGlobals) = postSolution
		SolutionGuid = {A842C4DA-D607-448A-B396-4A946CA1C0E4}
	EndGlobalSection
EndGlobal
